
Microsoft Visual Studio Solution File, Format Version 12.00
# Visual Studio Version 16
VisualStudioVersion = 16.0.29409.12
MinimumVisualStudioVersion = 10.0.40219.1
Project("{FAE04EC0-301F-11D3-BF4B-00C04F79EFBC}") = "Designer", "Designer\Designer.csproj", "{6A84C090-D3EF-406D-A36A-62CCE8E3F83F}"
EndProject
Project("{2150E333-8FDC-42A3-9474-1A3956D46DE8}") = "Submodules", "Submodules", "{D4D97447-0B29-4FE8-9B0C-9DA0DC63CB2C}"
EndProject
Project("{9A19103F-16F7-4668-BE54-9A1E7A4F7556}") = "Designer.Core", "ZafiroDesigner.Core\Designer.Core\Designer.Core.csproj", "{D597364C-51D0-4030-B204-381E1C803957}"
EndProject
Project("{9A19103F-16F7-4668-BE54-9A1E7A4F7556}") = "Designer.Domain.Models", "ZafiroDesigner.Core\Designer.Domain.Models\Designer.Domain.Models.csproj", "{0F7E42A6-31D2-42D7-B5F3-3029B7BDC1FD}"
EndProject
Project("{9A19103F-16F7-4668-BE54-9A1E7A4F7556}") = "Designer.Domain.ViewModels", "ZafiroDesigner.Core\Designer.Domain.ViewModels\Designer.Domain.ViewModels.csproj", "{F437E380-1CCA-467C-9D93-1C7B53EE5E50}"
EndProject
Project("{9A19103F-16F7-4668-BE54-9A1E7A4F7556}") = "Zafiro.Core", "ZafiroDesigner.Core\Zafiro\Source\Zafiro.Core\Zafiro.Core.csproj", "{51224044-1387-4014-B579-E4BBCDA54DCB}"
EndProject
Project("{FAE04EC0-301F-11D3-BF4B-00C04F79EFBC}") = "Zafiro.Uwp", "ZafiroDesigner.Core\Zafiro\Source\Zafiro.Uwp\Zafiro.Uwp.csproj", "{889D7132-88F9-4254-9640-1E38ED419184}"
EndProject
Project("{FAE04EC0-301F-11D3-BF4B-00C04F79EFBC}") = "Zafiro.Uwp.Design", "ZafiroDesigner.Core\Zafiro\Source\Zafiro.Uwp.Design\Zafiro.Uwp.Design.csproj", "{A8D0162A-4A08-40B0-91D5-E5290C1E8A0D}"
EndProject
Global
	GlobalSection(SolutionConfigurationPlatforms) = preSolution
		Debug|Any CPU = Debug|Any CPU
		Debug|ARM = Debug|ARM
		Debug|ARM64 = Debug|ARM64
		Debug|x64 = Debug|x64
		Debug|x86 = Debug|x86
		Release|Any CPU = Release|Any CPU
		Release|ARM = Release|ARM
		Release|ARM64 = Release|ARM64
		Release|x64 = Release|x64
		Release|x86 = Release|x86
	EndGlobalSection
	GlobalSection(ProjectConfigurationPlatforms) = postSolution
		{6A84C090-D3EF-406D-A36A-62CCE8E3F83F}.Debug|Any CPU.ActiveCfg = Debug|x86
		{6A84C090-D3EF-406D-A36A-62CCE8E3F83F}.Debug|ARM.ActiveCfg = Debug|ARM
		{6A84C090-D3EF-406D-A36A-62CCE8E3F83F}.Debug|ARM.Build.0 = Debug|ARM
		{6A84C090-D3EF-406D-A36A-62CCE8E3F83F}.Debug|ARM.Deploy.0 = Debug|ARM
		{6A84C090-D3EF-406D-A36A-62CCE8E3F83F}.Debug|ARM64.ActiveCfg = Debug|ARM64
		{6A84C090-D3EF-406D-A36A-62CCE8E3F83F}.Debug|ARM64.Build.0 = Debug|ARM64
		{6A84C090-D3EF-406D-A36A-62CCE8E3F83F}.Debug|ARM64.Deploy.0 = Debug|ARM64
		{6A84C090-D3EF-406D-A36A-62CCE8E3F83F}.Debug|x64.ActiveCfg = Debug|x64
		{6A84C090-D3EF-406D-A36A-62CCE8E3F83F}.Debug|x64.Build.0 = Debug|x64
		{6A84C090-D3EF-406D-A36A-62CCE8E3F83F}.Debug|x64.Deploy.0 = Debug|x64
		{6A84C090-D3EF-406D-A36A-62CCE8E3F83F}.Debug|x86.ActiveCfg = Debug|x86
		{6A84C090-D3EF-406D-A36A-62CCE8E3F83F}.Debug|x86.Build.0 = Debug|x86
		{6A84C090-D3EF-406D-A36A-62CCE8E3F83F}.Debug|x86.Deploy.0 = Debug|x86
		{6A84C090-D3EF-406D-A36A-62CCE8E3F83F}.Release|Any CPU.ActiveCfg = Release|x86
		{6A84C090-D3EF-406D-A36A-62CCE8E3F83F}.Release|ARM.ActiveCfg = Release|ARM
		{6A84C090-D3EF-406D-A36A-62CCE8E3F83F}.Release|ARM.Build.0 = Release|ARM
		{6A84C090-D3EF-406D-A36A-62CCE8E3F83F}.Release|ARM.Deploy.0 = Release|ARM
		{6A84C090-D3EF-406D-A36A-62CCE8E3F83F}.Release|ARM64.ActiveCfg = Release|ARM64
		{6A84C090-D3EF-406D-A36A-62CCE8E3F83F}.Release|ARM64.Build.0 = Release|ARM64
		{6A84C090-D3EF-406D-A36A-62CCE8E3F83F}.Release|ARM64.Deploy.0 = Release|ARM64
		{6A84C090-D3EF-406D-A36A-62CCE8E3F83F}.Release|x64.ActiveCfg = Release|x64
		{6A84C090-D3EF-406D-A36A-62CCE8E3F83F}.Release|x64.Build.0 = Release|x64
		{6A84C090-D3EF-406D-A36A-62CCE8E3F83F}.Release|x64.Deploy.0 = Release|x64
		{6A84C090-D3EF-406D-A36A-62CCE8E3F83F}.Release|x86.ActiveCfg = Release|x86
		{6A84C090-D3EF-406D-A36A-62CCE8E3F83F}.Release|x86.Build.0 = Release|x86
		{6A84C090-D3EF-406D-A36A-62CCE8E3F83F}.Release|x86.Deploy.0 = Release|x86
		{D597364C-51D0-4030-B204-381E1C803957}.Debug|Any CPU.ActiveCfg = Debug|Any CPU
		{D597364C-51D0-4030-B204-381E1C803957}.Debug|Any CPU.Build.0 = Debug|Any CPU
		{D597364C-51D0-4030-B204-381E1C803957}.Debug|ARM.ActiveCfg = Debug|Any CPU
		{D597364C-51D0-4030-B204-381E1C803957}.Debug|ARM.Build.0 = Debug|Any CPU
		{D597364C-51D0-4030-B204-381E1C803957}.Debug|ARM64.ActiveCfg = Debug|Any CPU
		{D597364C-51D0-4030-B204-381E1C803957}.Debug|ARM64.Build.0 = Debug|Any CPU
		{D597364C-51D0-4030-B204-381E1C803957}.Debug|x64.ActiveCfg = Debug|Any CPU
		{D597364C-51D0-4030-B204-381E1C803957}.Debug|x64.Build.0 = Debug|Any CPU
		{D597364C-51D0-4030-B204-381E1C803957}.Debug|x86.ActiveCfg = Debug|Any CPU
		{D597364C-51D0-4030-B204-381E1C803957}.Debug|x86.Build.0 = Debug|Any CPU
		{D597364C-51D0-4030-B204-381E1C803957}.Release|Any CPU.ActiveCfg = Release|Any CPU
		{D597364C-51D0-4030-B204-381E1C803957}.Release|Any CPU.Build.0 = Release|Any CPU
		{D597364C-51D0-4030-B204-381E1C803957}.Release|ARM.ActiveCfg = Release|Any CPU
		{D597364C-51D0-4030-B204-381E1C803957}.Release|ARM.Build.0 = Release|Any CPU
		{D597364C-51D0-4030-B204-381E1C803957}.Release|ARM64.ActiveCfg = Release|Any CPU
		{D597364C-51D0-4030-B204-381E1C803957}.Release|ARM64.Build.0 = Release|Any CPU
		{D597364C-51D0-4030-B204-381E1C803957}.Release|x64.ActiveCfg = Release|Any CPU
		{D597364C-51D0-4030-B204-381E1C803957}.Release|x64.Build.0 = Release|Any CPU
		{D597364C-51D0-4030-B204-381E1C803957}.Release|x86.ActiveCfg = Release|Any CPU
		{D597364C-51D0-4030-B204-381E1C803957}.Release|x86.Build.0 = Release|Any CPU
		{0F7E42A6-31D2-42D7-B5F3-3029B7BDC1FD}.Debug|Any CPU.ActiveCfg = Debug|Any CPU
		{0F7E42A6-31D2-42D7-B5F3-3029B7BDC1FD}.Debug|Any CPU.Build.0 = Debug|Any CPU
		{0F7E42A6-31D2-42D7-B5F3-3029B7BDC1FD}.Debug|ARM.ActiveCfg = Debug|Any CPU
		{0F7E42A6-31D2-42D7-B5F3-3029B7BDC1FD}.Debug|ARM.Build.0 = Debug|Any CPU
		{0F7E42A6-31D2-42D7-B5F3-3029B7BDC1FD}.Debug|ARM64.ActiveCfg = Debug|Any CPU
		{0F7E42A6-31D2-42D7-B5F3-3029B7BDC1FD}.Debug|ARM64.Build.0 = Debug|Any CPU
		{0F7E42A6-31D2-42D7-B5F3-3029B7BDC1FD}.Debug|x64.ActiveCfg = Debug|Any CPU
		{0F7E42A6-31D2-42D7-B5F3-3029B7BDC1FD}.Debug|x64.Build.0 = Debug|Any CPU
		{0F7E42A6-31D2-42D7-B5F3-3029B7BDC1FD}.Debug|x86.ActiveCfg = Debug|Any CPU
		{0F7E42A6-31D2-42D7-B5F3-3029B7BDC1FD}.Debug|x86.Build.0 = Debug|Any CPU
		{0F7E42A6-31D2-42D7-B5F3-3029B7BDC1FD}.Release|Any CPU.ActiveCfg = Release|Any CPU
		{0F7E42A6-31D2-42D7-B5F3-3029B7BDC1FD}.Release|Any CPU.Build.0 = Release|Any CPU
		{0F7E42A6-31D2-42D7-B5F3-3029B7BDC1FD}.Release|ARM.ActiveCfg = Release|Any CPU
		{0F7E42A6-31D2-42D7-B5F3-3029B7BDC1FD}.Release|ARM.Build.0 = Release|Any CPU
		{0F7E42A6-31D2-42D7-B5F3-3029B7BDC1FD}.Release|ARM64.ActiveCfg = Release|Any CPU
		{0F7E42A6-31D2-42D7-B5F3-3029B7BDC1FD}.Release|ARM64.Build.0 = Release|Any CPU
		{0F7E42A6-31D2-42D7-B5F3-3029B7BDC1FD}.Release|x64.ActiveCfg = Release|Any CPU
		{0F7E42A6-31D2-42D7-B5F3-3029B7BDC1FD}.Release|x64.Build.0 = Release|Any CPU
		{0F7E42A6-31D2-42D7-B5F3-3029B7BDC1FD}.Release|x86.ActiveCfg = Release|Any CPU
		{0F7E42A6-31D2-42D7-B5F3-3029B7BDC1FD}.Release|x86.Build.0 = Release|Any CPU
		{F437E380-1CCA-467C-9D93-1C7B53EE5E50}.Debug|Any CPU.ActiveCfg = Debug|Any CPU
		{F437E380-1CCA-467C-9D93-1C7B53EE5E50}.Debug|Any CPU.Build.0 = Debug|Any CPU
		{F437E380-1CCA-467C-9D93-1C7B53EE5E50}.Debug|ARM.ActiveCfg = Debug|Any CPU
		{F437E380-1CCA-467C-9D93-1C7B53EE5E50}.Debug|ARM.Build.0 = Debug|Any CPU
		{F437E380-1CCA-467C-9D93-1C7B53EE5E50}.Debug|ARM64.ActiveCfg = Debug|Any CPU
		{F437E380-1CCA-467C-9D93-1C7B53EE5E50}.Debug|ARM64.Build.0 = Debug|Any CPU
		{F437E380-1CCA-467C-9D93-1C7B53EE5E50}.Debug|x64.ActiveCfg = Debug|Any CPU
		{F437E380-1CCA-467C-9D93-1C7B53EE5E50}.Debug|x64.Build.0 = Debug|Any CPU
		{F437E380-1CCA-467C-9D93-1C7B53EE5E50}.Debug|x86.ActiveCfg = Debug|Any CPU
		{F437E380-1CCA-467C-9D93-1C7B53EE5E50}.Debug|x86.Build.0 = Debug|Any CPU
		{F437E380-1CCA-467C-9D93-1C7B53EE5E50}.Release|Any CPU.ActiveCfg = Release|Any CPU
		{F437E380-1CCA-467C-9D93-1C7B53EE5E50}.Release|Any CPU.Build.0 = Release|Any CPU
		{F437E380-1CCA-467C-9D93-1C7B53EE5E50}.Release|ARM.ActiveCfg = Release|Any CPU
		{F437E380-1CCA-467C-9D93-1C7B53EE5E50}.Release|ARM.Build.0 = Release|Any CPU
		{F437E380-1CCA-467C-9D93-1C7B53EE5E50}.Release|ARM64.ActiveCfg = Release|Any CPU
		{F437E380-1CCA-467C-9D93-1C7B53EE5E50}.Release|ARM64.Build.0 = Release|Any CPU
		{F437E380-1CCA-467C-9D93-1C7B53EE5E50}.Release|x64.ActiveCfg = Release|Any CPU
		{F437E380-1CCA-467C-9D93-1C7B53EE5E50}.Release|x64.Build.0 = Release|Any CPU
		{F437E380-1CCA-467C-9D93-1C7B53EE5E50}.Release|x86.ActiveCfg = Release|Any CPU
		{F437E380-1CCA-467C-9D93-1C7B53EE5E50}.Release|x86.Build.0 = Release|Any CPU
		{51224044-1387-4014-B579-E4BBCDA54DCB}.Debug|Any CPU.ActiveCfg = Debug|Any CPU
		{51224044-1387-4014-B579-E4BBCDA54DCB}.Debug|Any CPU.Build.0 = Debug|Any CPU
		{51224044-1387-4014-B579-E4BBCDA54DCB}.Debug|ARM.ActiveCfg = Debug|Any CPU
		{51224044-1387-4014-B579-E4BBCDA54DCB}.Debug|ARM.Build.0 = Debug|Any CPU
		{51224044-1387-4014-B579-E4BBCDA54DCB}.Debug|ARM64.ActiveCfg = Debug|Any CPU
		{51224044-1387-4014-B579-E4BBCDA54DCB}.Debug|ARM64.Build.0 = Debug|Any CPU
		{51224044-1387-4014-B579-E4BBCDA54DCB}.Debug|x64.ActiveCfg = Debug|Any CPU
		{51224044-1387-4014-B579-E4BBCDA54DCB}.Debug|x64.Build.0 = Debug|Any CPU
		{51224044-1387-4014-B579-E4BBCDA54DCB}.Debug|x86.ActiveCfg = Debug|Any CPU
		{51224044-1387-4014-B579-E4BBCDA54DCB}.Debug|x86.Build.0 = Debug|Any CPU
		{51224044-1387-4014-B579-E4BBCDA54DCB}.Release|Any CPU.ActiveCfg = Release|Any CPU
		{51224044-1387-4014-B579-E4BBCDA54DCB}.Release|Any CPU.Build.0 = Release|Any CPU
		{51224044-1387-4014-B579-E4BBCDA54DCB}.Release|ARM.ActiveCfg = Release|Any CPU
		{51224044-1387-4014-B579-E4BBCDA54DCB}.Release|ARM.Build.0 = Release|Any CPU
		{51224044-1387-4014-B579-E4BBCDA54DCB}.Release|ARM64.ActiveCfg = Release|Any CPU
		{51224044-1387-4014-B579-E4BBCDA54DCB}.Release|ARM64.Build.0 = Release|Any CPU
		{51224044-1387-4014-B579-E4BBCDA54DCB}.Release|x64.ActiveCfg = Release|Any CPU
		{51224044-1387-4014-B579-E4BBCDA54DCB}.Release|x64.Build.0 = Release|Any CPU
		{51224044-1387-4014-B579-E4BBCDA54DCB}.Release|x86.ActiveCfg = Release|Any CPU
		{51224044-1387-4014-B579-E4BBCDA54DCB}.Release|x86.Build.0 = Release|Any CPU
		{889D7132-88F9-4254-9640-1E38ED419184}.Debug|Any CPU.ActiveCfg = Debug|Any CPU
		{889D7132-88F9-4254-9640-1E38ED419184}.Debug|Any CPU.Build.0 = Debug|Any CPU
		{889D7132-88F9-4254-9640-1E38ED419184}.Debug|ARM.ActiveCfg = Debug|ARM
		{889D7132-88F9-4254-9640-1E38ED419184}.Debug|ARM.Build.0 = Debug|ARM
		{889D7132-88F9-4254-9640-1E38ED419184}.Debug|ARM64.ActiveCfg = Debug|ARM64
		{889D7132-88F9-4254-9640-1E38ED419184}.Debug|ARM64.Build.0 = Debug|ARM64
		{889D7132-88F9-4254-9640-1E38ED419184}.Debug|x64.ActiveCfg = Debug|x64
		{889D7132-88F9-4254-9640-1E38ED419184}.Debug|x64.Build.0 = Debug|x64
		{889D7132-88F9-4254-9640-1E38ED419184}.Debug|x86.ActiveCfg = Debug|x86
		{889D7132-88F9-4254-9640-1E38ED419184}.Debug|x86.Build.0 = Debug|x86
		{889D7132-88F9-4254-9640-1E38ED419184}.Release|Any CPU.ActiveCfg = Release|Any CPU
		{889D7132-88F9-4254-9640-1E38ED419184}.Release|Any CPU.Build.0 = Release|Any CPU
		{889D7132-88F9-4254-9640-1E38ED419184}.Release|ARM.ActiveCfg = Release|ARM
		{889D7132-88F9-4254-9640-1E38ED419184}.Release|ARM.Build.0 = Release|ARM
		{889D7132-88F9-4254-9640-1E38ED419184}.Release|ARM64.ActiveCfg = Release|ARM64
		{889D7132-88F9-4254-9640-1E38ED419184}.Release|ARM64.Build.0 = Release|ARM64
		{889D7132-88F9-4254-9640-1E38ED419184}.Release|x64.ActiveCfg = Release|x64
		{889D7132-88F9-4254-9640-1E38ED419184}.Release|x64.Build.0 = Release|x64
		{889D7132-88F9-4254-9640-1E38ED419184}.Release|x86.ActiveCfg = Release|x86
		{889D7132-88F9-4254-9640-1E38ED419184}.Release|x86.Build.0 = Release|x86
		{A8D0162A-4A08-40B0-91D5-E5290C1E8A0D}.Debug|Any CPU.ActiveCfg = Debug|Any CPU
		{A8D0162A-4A08-40B0-91D5-E5290C1E8A0D}.Debug|Any CPU.Build.0 = Debug|Any CPU
		{A8D0162A-4A08-40B0-91D5-E5290C1E8A0D}.Debug|ARM.ActiveCfg = Debug|ARM
		{A8D0162A-4A08-40B0-91D5-E5290C1E8A0D}.Debug|ARM.Build.0 = Debug|ARM
		{A8D0162A-4A08-40B0-91D5-E5290C1E8A0D}.Debug|ARM64.ActiveCfg = Debug|ARM64
		{A8D0162A-4A08-40B0-91D5-E5290C1E8A0D}.Debug|ARM64.Build.0 = Debug|ARM64
		{A8D0162A-4A08-40B0-91D5-E5290C1E8A0D}.Debug|x64.ActiveCfg = Debug|x64
		{A8D0162A-4A08-40B0-91D5-E5290C1E8A0D}.Debug|x64.Build.0 = Debug|x64
		{A8D0162A-4A08-40B0-91D5-E5290C1E8A0D}.Debug|x86.ActiveCfg = Debug|x86
		{A8D0162A-4A08-40B0-91D5-E5290C1E8A0D}.Debug|x86.Build.0 = Debug|x86
		{A8D0162A-4A08-40B0-91D5-E5290C1E8A0D}.Release|Any CPU.ActiveCfg = Release|Any CPU
		{A8D0162A-4A08-40B0-91D5-E5290C1E8A0D}.Release|Any CPU.Build.0 = Release|Any CPU
		{A8D0162A-4A08-40B0-91D5-E5290C1E8A0D}.Release|ARM.ActiveCfg = Release|ARM
		{A8D0162A-4A08-40B0-91D5-E5290C1E8A0D}.Release|ARM.Build.0 = Release|ARM
		{A8D0162A-4A08-40B0-91D5-E5290C1E8A0D}.Release|ARM64.ActiveCfg = Release|ARM64
		{A8D0162A-4A08-40B0-91D5-E5290C1E8A0D}.Release|ARM64.Build.0 = Release|ARM64
		{A8D0162A-4A08-40B0-91D5-E5290C1E8A0D}.Release|x64.ActiveCfg = Release|x64
		{A8D0162A-4A08-40B0-91D5-E5290C1E8A0D}.Release|x64.Build.0 = Release|x64
		{A8D0162A-4A08-40B0-91D5-E5290C1E8A0D}.Release|x86.ActiveCfg = Release|x86
		{A8D0162A-4A08-40B0-91D5-E5290C1E8A0D}.Release|x86.Build.0 = Release|x86
	EndGlobalSection
	GlobalSection(SolutionProperties) = preSolution
		HideSolutionNode = FALSE
	EndGlobalSection
	GlobalSection(NestedProjects) = preSolution
		{D597364C-51D0-4030-B204-381E1C803957} = {D4D97447-0B29-4FE8-9B0C-9DA0DC63CB2C}
		{0F7E42A6-31D2-42D7-B5F3-3029B7BDC1FD} = {D4D97447-0B29-4FE8-9B0C-9DA0DC63CB2C}
		{F437E380-1CCA-467C-9D93-1C7B53EE5E50} = {D4D97447-0B29-4FE8-9B0C-9DA0DC63CB2C}
		{51224044-1387-4014-B579-E4BBCDA54DCB} = {D4D97447-0B29-4FE8-9B0C-9DA0DC63CB2C}
		{889D7132-88F9-4254-9640-1E38ED419184} = {D4D97447-0B29-4FE8-9B0C-9DA0DC63CB2C}
		{A8D0162A-4A08-40B0-91D5-E5290C1E8A0D} = {D4D97447-0B29-4FE8-9B0C-9DA0DC63CB2C}
	EndGlobalSection
	GlobalSection(ExtensibilityGlobals) = postSolution
		SolutionGuid = {84CDF332-6BC2-45BA-AC0A-3719F532947D}
	EndGlobalSection
EndGlobal
